<?xml version="1.0" encoding="utf-8"?>
<Project ToolsVersion="4.0" xmlns="http://schemas.microsoft.com/developer/msbuild/2003">
  <ItemGroup>
    <None Include="..\README.txt" />
  </ItemGroup>
  <ItemGroup>
    <ClCompile Include="main.cpp">
      <Filter>98.Default</Filter>
    </ClCompile>
    <ClCompile Include="imgui.cpp">
      <Filter>98.Default</Filter>
    </ClCompile>
    <ClCompile Include="imgui_draw.cpp">
      <Filter>98.Default</Filter>
    </ClCompile>
    <ClCompile Include="imgui_impl_dx11.cpp">
      <Filter>98.Default</Filter>
    </ClCompile>
    <ClCompile Include="imgui_impl_win32.cpp">
      <Filter>98.Default</Filter>
    </ClCompile>
    <ClCompile Include="imgui_tables.cpp">
      <Filter>98.Default</Filter>
    </ClCompile>
    <ClCompile Include="imgui_widgets.cpp">
      <Filter>98.Default</Filter>
    </ClCompile>
    <ClCompile Include="..\Private\MainApp.cpp">
      <Filter>00.MainApp</Filter>
    </ClCompile>
    <ClCompile Include="..\Private\Level_Edit.cpp">
      <Filter>01.Levels\Edit</Filter>
    </ClCompile>
    <ClCompile Include="..\Private\Level_Loading.cpp">
      <Filter>01.Levels\Loading</Filter>
    </ClCompile>
    <ClCompile Include="..\Private\Loader.cpp">
      <Filter>01.Levels\Loading\Loader</Filter>
    </ClCompile>
    <ClCompile Include="..\Private\Camera_Free.cpp">
      <Filter>GameObject\Camera\Free</Filter>
    </ClCompile>
    <ClCompile Include="imgui_demo.cpp">
      <Filter>98.Default</Filter>
    </ClCompile>
    <ClCompile Include="..\Private\MapObject.cpp">
      <Filter>GameObject\MapObject</Filter>
    </ClCompile>
    <ClCompile Include="Edit_Utils.cpp">
      <Filter>99.Defines</Filter>
    </ClCompile>
    <ClCompile Include="..\Private\Navigation_Manager.cpp">
      <Filter>91. Navigation_Manager</Filter>
    </ClCompile>
    <ClCompile Include="..\Private\PickingMgr.cpp">
      <Filter>90. PickingMgr</Filter>
    </ClCompile>
  </ItemGroup>
  <ItemGroup>
    <ClInclude Include="imgui_impl_win32.h">
      <Filter>98.Default</Filter>
    </ClInclude>
    <ClInclude Include="..\Public\MainApp.h">
      <Filter>00.MainApp</Filter>
    </ClInclude>
    <ClInclude Include="..\Public\Level_Loading.h">
      <Filter>01.Levels\Loading</Filter>
    </ClInclude>
    <ClInclude Include="..\Public\Level_Edit.h">
      <Filter>01.Levels\Edit</Filter>
    </ClInclude>
    <ClInclude Include="..\Public\Loader.h">
      <Filter>01.Levels\Loading\Loader</Filter>
    </ClInclude>
    <ClInclude Include="..\Public\Edit_Defines.h">
      <Filter>99.Defines</Filter>
    </ClInclude>
    <ClInclude Include="..\Public\Camera_Free.h">
      <Filter>GameObject\Camera\Free</Filter>
    </ClInclude>
    <ClInclude Include="imgui.h">
      <Filter>98.Default</Filter>
    </ClInclude>
    <ClInclude Include="..\Public\MapObject.h">
      <Filter>GameObject\MapObject</Filter>
    </ClInclude>
    <ClInclude Include="..\Public\Navigation_Manager.h">
      <Filter>91. Navigation_Manager</Filter>
    </ClInclude>
    <ClInclude Include="..\Public\PickingMgr.h">
      <Filter>90. PickingMgr</Filter>
    </ClInclude>
  </ItemGroup>
  <ItemGroup>
    <Filter Include="98.Default">
      <UniqueIdentifier>{af685ad2-f43b-43ed-b5dc-c66a91af4e04}</UniqueIdentifier>
    </Filter>
    <Filter Include="00.MainApp">
      <UniqueIdentifier>{e1520428-9d98-43cf-80f0-c13322ef501c}</UniqueIdentifier>
    </Filter>
    <Filter Include="99.Defines">
      <UniqueIdentifier>{46cab1e7-00f3-4442-9c56-00d37e2f81a3}</UniqueIdentifier>
    </Filter>
    <Filter Include="01.Levels">
      <UniqueIdentifier>{db864e62-ffac-4e63-95be-bf26ddd47f15}</UniqueIdentifier>
    </Filter>
    <Filter Include="01.Levels\Edit">
      <UniqueIdentifier>{eb15b32f-8178-44eb-adc1-d9a5b72f8fe6}</UniqueIdentifier>
    </Filter>
    <Filter Include="01.Levels\Loading">
      <UniqueIdentifier>{4da60732-58b4-4441-8196-b8a04af8d786}</UniqueIdentifier>
    </Filter>
    <Filter Include="01.Levels\Loading\Loader">
      <UniqueIdentifier>{3fa77992-fa40-4e40-bb1c-c14275d956df}</UniqueIdentifier>
    </Filter>
    <Filter Include="GameObject">
      <UniqueIdentifier>{b21b33ae-df19-4e16-b816-5ad3d24752c3}</UniqueIdentifier>
    </Filter>
    <Filter Include="GameObject\Camera">
      <UniqueIdentifier>{e1d3f8c7-781f-44c8-87fe-9710acdf10a0}</UniqueIdentifier>
    </Filter>
    <Filter Include="GameObject\Camera\Free">
      <UniqueIdentifier>{e758e8cc-8289-441b-a95b-493d549be05b}</UniqueIdentifier>
    </Filter>
    <Filter Include="GameObject\MapObject">
      <UniqueIdentifier>{5797cf56-2178-4186-b370-bd7fb5831ea7}</UniqueIdentifier>
    </Filter>
    <Filter Include="90. PickingMgr">
      <UniqueIdentifier>{a8c7d77e-c612-4872-9fe9-d2183b843ea1}</UniqueIdentifier>
    </Filter>
    <Filter Include="91. Navigation_Manager">
      <UniqueIdentifier>{8172415f-72f6-441c-a08e-403ee7a6819e}</UniqueIdentifier>
    </Filter>
  </ItemGroup>
</Project>